
Microsoft Visual Studio Solution File, Format Version 12.00
# Visual Studio Version 17
VisualStudioVersion = 17.10.35013.160
MinimumVisualStudioVersion = 10.0.40219.1
Project("{9A19103F-16F7-4668-BE54-9A1E7A4F7556}") = "Nhom11_QuanLyNhaHang_GUI", "Nhom11_QuanLyNhaHang_GUI.csproj", "{2206F7F7-3953-40B8-B542-3144A20264B1}"
EndProject
Project("{FAE04EC0-301F-11D3-BF4B-00C04F79EFBC}") = "Nhom11_QuanLyNhaHang_DAL", "Nhom11_QuanLyNhaHang_DAL\Nhom11_QuanLyNhaHang_DAL.csproj", "{F44AF991-DBD2-4452-9905-761342FB02FF}"
EndProject
Project("{FAE04EC0-301F-11D3-BF4B-00C04F79EFBC}") = "Nhom11_QuanLyNhaHang_BLL", "Nhom11_QuanLyNhaHang_BLL\Nhom11_QuanLyNhaHang_BLL.csproj", "{7819BF07-9469-4694-B18C-69427899002F}"
EndProject
Project("{FAE04EC0-301F-11D3-BF4B-00C04F79EFBC}") = "Nhom11_QuanLyNhaHang_DTO", "Nhom11_QuanLyNhaHang_DTO\Nhom11_QuanLyNhaHang_DTO.csproj", "{FB32A331-31A2-403F-AE78-A8BB3E7C0F69}"
EndProject
Global
	GlobalSection(SolutionConfigurationPlatforms) = preSolution
		Debug|Any CPU = Debug|Any CPU
		Release|Any CPU = Release|Any CPU
	EndGlobalSection
	GlobalSection(ProjectConfigurationPlatforms) = postSolution
		{2206F7F7-3953-40B8-B542-3144A20264B1}.Debug|Any CPU.ActiveCfg = Debug|Any CPU
		{2206F7F7-3953-40B8-B542-3144A20264B1}.Debug|Any CPU.Build.0 = Debug|Any CPU
		{2206F7F7-3953-40B8-B542-3144A20264B1}.Release|Any CPU.ActiveCfg = Release|Any CPU
		{2206F7F7-3953-40B8-B542-3144A20264B1}.Release|Any CPU.Build.0 = Release|Any CPU
		{F44AF991-DBD2-4452-9905-761342FB02FF}.Debug|Any CPU.ActiveCfg = Debug|Any CPU
		{F44AF991-DBD2-4452-9905-761342FB02FF}.Debug|Any CPU.Build.0 = Debug|Any CPU
		{F44AF991-DBD2-4452-9905-761342FB02FF}.Release|Any CPU.ActiveCfg = Release|Any CPU
		{F44AF991-DBD2-4452-9905-761342FB02FF}.Release|Any CPU.Build.0 = Release|Any CPU
		{7819BF07-9469-4694-B18C-69427899002F}.Debug|Any CPU.ActiveCfg = Debug|Any CPU
		{7819BF07-9469-4694-B18C-69427899002F}.Debug|Any CPU.Build.0 = Debug|Any CPU
		{7819BF07-9469-4694-B18C-69427899002F}.Release|Any CPU.ActiveCfg = Release|Any CPU
		{7819BF07-9469-4694-B18C-69427899002F}.Release|Any CPU.Build.0 = Release|Any CPU
		{FB32A331-31A2-403F-AE78-A8BB3E7C0F69}.Debug|Any CPU.ActiveCfg = Debug|Any CPU
		{FB32A331-31A2-403F-AE78-A8BB3E7C0F69}.Debug|Any CPU.Build.0 = Debug|Any CPU
		{FB32A331-31A2-403F-AE78-A8BB3E7C0F69}.Release|Any CPU.ActiveCfg = Release|Any CPU
		{FB32A331-31A2-403F-AE78-A8BB3E7C0F69}.Release|Any CPU.Build.0 = Release|Any CPU
	EndGlobalSection
	GlobalSection(SolutionProperties) = preSolution
		HideSolutionNode = FALSE
	EndGlobalSection
	GlobalSection(ExtensibilityGlobals) = postSolution
		SolutionGuid = {CF1E8C25-91EB-476F-A335-0C3F303768A1}
	EndGlobalSection
EndGlobal
