
Microsoft Visual Studio Solution File, Format Version 12.00
# Visual Studio Version 17
VisualStudioVersion = 17.10.35013.160
MinimumVisualStudioVersion = 10.0.40219.1
Project("{9A19103F-16F7-4668-BE54-9A1E7A4F7556}") = "Nhom11_QuanLyNhaHang", "Nhom11_QuanLyNhaHang.csproj", "{2206F7F7-3953-40B8-B542-3144A20264B1}"
EndProject
Global
	GlobalSection(SolutionConfigurationPlatforms) = preSolution
		Debug|Any CPU = Debug|Any CPU
		Release|Any CPU = Release|Any CPU
	EndGlobalSection
	GlobalSection(ProjectConfigurationPlatforms) = postSolution
		{2206F7F7-3953-40B8-B542-3144A20264B1}.Debug|Any CPU.ActiveCfg = Debug|Any CPU
		{2206F7F7-3953-40B8-B542-3144A20264B1}.Debug|Any CPU.Build.0 = Debug|Any CPU
		{2206F7F7-3953-40B8-B542-3144A20264B1}.Release|Any CPU.ActiveCfg = Release|Any CPU
		{2206F7F7-3953-40B8-B542-3144A20264B1}.Release|Any CPU.Build.0 = Release|Any CPU
	EndGlobalSection
	GlobalSection(SolutionProperties) = preSolution
		HideSolutionNode = FALSE
	EndGlobalSection
	GlobalSection(ExtensibilityGlobals) = postSolution
		SolutionGuid = {CF1E8C25-91EB-476F-A335-0C3F303768A1}
	EndGlobalSection
EndGlobal
